
Microsoft Visual Studio Solution File, Format Version 12.00
# Visual Studio Version 17
VisualStudioVersion = 17.0.31903.59
MinimumVisualStudioVersion = 10.0.40219.1
Project("{2150E333-8FDC-42A3-9474-1A3956D46DE8}") = "src", "src", "{C9B2F0A8-BCFF-445E-9011-A61E08F8271C}"
EndProject
Project("{F2A71F9B-5D33-465A-A702-920D77279786}") = "FSharpFS", "src\FSharpFS\FSharpFS.fsproj", "{77F10E6F-ABA6-423E-BC38-6755FCE9F97E}"
EndProject
Project("{2150E333-8FDC-42A3-9474-1A3956D46DE8}") = "lib", "lib", "{215F712C-42D2-422D-951F-82A4223D23AB}"
EndProject
Project("{2150E333-8FDC-42A3-9474-1A3956D46DE8}") = "Tmds.Fuse", "Tmds.Fuse", "{A1D83A9F-C48F-45EC-90CB-A40D37FDF22F}"
EndProject
Project("{2150E333-8FDC-42A3-9474-1A3956D46DE8}") = "src", "src", "{B4B0BD2A-EB48-4D8C-9E7C-6EAF2C3421FE}"
EndProject
Project("{FAE04EC0-301F-11D3-BF4B-00C04F79EFBC}") = "Tmds.Fuse", "lib\Tmds.Fuse\src\Tmds.Fuse\Tmds.Fuse.csproj", "{7F916C51-DB43-475B-B57D-BCDFC8386B50}"
EndProject
Project("{2150E333-8FDC-42A3-9474-1A3956D46DE8}") = "tests", "tests", "{06FAB7C7-55FA-436C-BA89-973B34D05FFE}"
EndProject
Project("{2150E333-8FDC-42A3-9474-1A3956D46DE8}") = "unit", "unit", "{7669844F-AAD6-419B-95B0-47D7ED633F72}"
EndProject
Project("{F2A71F9B-5D33-465A-A702-920D77279786}") = "FSharpFSTests", "tests\unit\FSharpFSTests\FSharpFSTests.fsproj", "{59CDE669-DF5F-4948-BC45-1E2EB313E1C7}"
EndProject
Global
	GlobalSection(SolutionConfigurationPlatforms) = preSolution
		Debug|Any CPU = Debug|Any CPU
		Release|Any CPU = Release|Any CPU
	EndGlobalSection
	GlobalSection(SolutionProperties) = preSolution
		HideSolutionNode = FALSE
	EndGlobalSection
	GlobalSection(ProjectConfigurationPlatforms) = postSolution
		{77F10E6F-ABA6-423E-BC38-6755FCE9F97E}.Debug|Any CPU.ActiveCfg = Debug|Any CPU
		{77F10E6F-ABA6-423E-BC38-6755FCE9F97E}.Debug|Any CPU.Build.0 = Debug|Any CPU
		{77F10E6F-ABA6-423E-BC38-6755FCE9F97E}.Release|Any CPU.ActiveCfg = Release|Any CPU
		{77F10E6F-ABA6-423E-BC38-6755FCE9F97E}.Release|Any CPU.Build.0 = Release|Any CPU
		{7F916C51-DB43-475B-B57D-BCDFC8386B50}.Debug|Any CPU.ActiveCfg = Debug|Any CPU
		{7F916C51-DB43-475B-B57D-BCDFC8386B50}.Debug|Any CPU.Build.0 = Debug|Any CPU
		{7F916C51-DB43-475B-B57D-BCDFC8386B50}.Release|Any CPU.ActiveCfg = Release|Any CPU
		{7F916C51-DB43-475B-B57D-BCDFC8386B50}.Release|Any CPU.Build.0 = Release|Any CPU
		{59CDE669-DF5F-4948-BC45-1E2EB313E1C7}.Debug|Any CPU.ActiveCfg = Debug|Any CPU
		{59CDE669-DF5F-4948-BC45-1E2EB313E1C7}.Debug|Any CPU.Build.0 = Debug|Any CPU
		{59CDE669-DF5F-4948-BC45-1E2EB313E1C7}.Release|Any CPU.ActiveCfg = Release|Any CPU
		{59CDE669-DF5F-4948-BC45-1E2EB313E1C7}.Release|Any CPU.Build.0 = Release|Any CPU
	EndGlobalSection
	GlobalSection(NestedProjects) = preSolution
		{77F10E6F-ABA6-423E-BC38-6755FCE9F97E} = {C9B2F0A8-BCFF-445E-9011-A61E08F8271C}
		{A1D83A9F-C48F-45EC-90CB-A40D37FDF22F} = {215F712C-42D2-422D-951F-82A4223D23AB}
		{B4B0BD2A-EB48-4D8C-9E7C-6EAF2C3421FE} = {A1D83A9F-C48F-45EC-90CB-A40D37FDF22F}
		{7F916C51-DB43-475B-B57D-BCDFC8386B50} = {B4B0BD2A-EB48-4D8C-9E7C-6EAF2C3421FE}
		{7669844F-AAD6-419B-95B0-47D7ED633F72} = {06FAB7C7-55FA-436C-BA89-973B34D05FFE}
		{59CDE669-DF5F-4948-BC45-1E2EB313E1C7} = {7669844F-AAD6-419B-95B0-47D7ED633F72}
	EndGlobalSection
EndGlobal
